
Microsoft Visual Studio Solution File, Format Version 12.00
# Visual Studio Version 17
VisualStudioVersion = 17.0.31903.59
MinimumVisualStudioVersion = 10.0.40219.1
Project("{FAE04EC0-301F-11D3-BF4B-00C04F79EFBC}") = "cutube", "cutube\cutube.csproj", "{6DB947E1-FD6A-4897-9D51-31F2ADD4B2A3}"
EndProject
Project("{2150E333-8FDC-42A3-9474-1A3956D46DE8}") = "src", "src", "{827E0CD3-B72D-47B6-A68D-7590B98EB39B}"
EndProject
Project("{FAE04EC0-301F-11D3-BF4B-00C04F79EFBC}") = "Cutube.Domain", "src\Cutube.Domain\Cutube.Domain.csproj", "{9DB707DF-7422-4BD0-ABE2-A1A0A1FC1E24}"
EndProject
Project("{2150E333-8FDC-42A3-9474-1A3956D46DE8}") = "tests", "tests", "{0AB3BF05-4346-4AA6-1389-037BE0695223}"
EndProject
Project("{FAE04EC0-301F-11D3-BF4B-00C04F79EFBC}") = "Cutube.Tests", "tests\Cutube.Tests\Cutube.Tests.csproj", "{C8CEB6A3-75AF-46EF-AEAE-04490DE61A18}"
EndProject
Project("{FAE04EC0-301F-11D3-BF4B-00C04F79EFBC}") = "Cutube.Domain.Tests", "tests\Cutube.Domain.Tests\Cutube.Domain.Tests.csproj", "{2BC3A692-544B-4F58-8B70-5526A9193052}"
EndProject
Project("{FAE04EC0-301F-11D3-BF4B-00C04F79EFBC}") = "Cutube.Api", "src\Cutube.Api\Cutube.Api.csproj", "{C51634E5-E26E-47AC-A0C0-8E94E4CD331D}"
EndProject
Project("{FAE04EC0-301F-11D3-BF4B-00C04F79EFBC}") = "Cutube.Api.Tests", "tests\Cutube.Api.Tests\Cutube.Api.Tests.csproj", "{9F9C26F0-68C6-4F6C-9D50-06364F5B87BA}"
EndProject
Project("{FAE04EC0-301F-11D3-BF4B-00C04F79EFBC}") = "Cutube.Worker", "src\Cutube.Worker\Cutube.Worker.csproj", "{73BAD635-6600-4752-8F9B-4C31A7444C58}"
EndProject
Global
	GlobalSection(SolutionConfigurationPlatforms) = preSolution
		Debug|Any CPU = Debug|Any CPU
		Debug|x64 = Debug|x64
		Debug|x86 = Debug|x86
		Release|Any CPU = Release|Any CPU
		Release|x64 = Release|x64
		Release|x86 = Release|x86
	EndGlobalSection
	GlobalSection(ProjectConfigurationPlatforms) = postSolution
		{6DB947E1-FD6A-4897-9D51-31F2ADD4B2A3}.Debug|Any CPU.ActiveCfg = Debug|Any CPU
		{6DB947E1-FD6A-4897-9D51-31F2ADD4B2A3}.Debug|Any CPU.Build.0 = Debug|Any CPU
		{6DB947E1-FD6A-4897-9D51-31F2ADD4B2A3}.Debug|x64.ActiveCfg = Debug|Any CPU
		{6DB947E1-FD6A-4897-9D51-31F2ADD4B2A3}.Debug|x64.Build.0 = Debug|Any CPU
		{6DB947E1-FD6A-4897-9D51-31F2ADD4B2A3}.Debug|x86.ActiveCfg = Debug|Any CPU
		{6DB947E1-FD6A-4897-9D51-31F2ADD4B2A3}.Debug|x86.Build.0 = Debug|Any CPU
		{6DB947E1-FD6A-4897-9D51-31F2ADD4B2A3}.Release|Any CPU.ActiveCfg = Release|Any CPU
		{6DB947E1-FD6A-4897-9D51-31F2ADD4B2A3}.Release|Any CPU.Build.0 = Release|Any CPU
		{6DB947E1-FD6A-4897-9D51-31F2ADD4B2A3}.Release|x64.ActiveCfg = Release|Any CPU
		{6DB947E1-FD6A-4897-9D51-31F2ADD4B2A3}.Release|x64.Build.0 = Release|Any CPU
		{6DB947E1-FD6A-4897-9D51-31F2ADD4B2A3}.Release|x86.ActiveCfg = Release|Any CPU
		{6DB947E1-FD6A-4897-9D51-31F2ADD4B2A3}.Release|x86.Build.0 = Release|Any CPU
		{9DB707DF-7422-4BD0-ABE2-A1A0A1FC1E24}.Debug|Any CPU.ActiveCfg = Debug|Any CPU
		{9DB707DF-7422-4BD0-ABE2-A1A0A1FC1E24}.Debug|Any CPU.Build.0 = Debug|Any CPU
		{9DB707DF-7422-4BD0-ABE2-A1A0A1FC1E24}.Debug|x64.ActiveCfg = Debug|Any CPU
		{9DB707DF-7422-4BD0-ABE2-A1A0A1FC1E24}.Debug|x64.Build.0 = Debug|Any CPU
		{9DB707DF-7422-4BD0-ABE2-A1A0A1FC1E24}.Debug|x86.ActiveCfg = Debug|Any CPU
		{9DB707DF-7422-4BD0-ABE2-A1A0A1FC1E24}.Debug|x86.Build.0 = Debug|Any CPU
		{9DB707DF-7422-4BD0-ABE2-A1A0A1FC1E24}.Release|Any CPU.ActiveCfg = Release|Any CPU
		{9DB707DF-7422-4BD0-ABE2-A1A0A1FC1E24}.Release|Any CPU.Build.0 = Release|Any CPU
		{9DB707DF-7422-4BD0-ABE2-A1A0A1FC1E24}.Release|x64.ActiveCfg = Release|Any CPU
		{9DB707DF-7422-4BD0-ABE2-A1A0A1FC1E24}.Release|x64.Build.0 = Release|Any CPU
		{9DB707DF-7422-4BD0-ABE2-A1A0A1FC1E24}.Release|x86.ActiveCfg = Release|Any CPU
		{9DB707DF-7422-4BD0-ABE2-A1A0A1FC1E24}.Release|x86.Build.0 = Release|Any CPU
		{C8CEB6A3-75AF-46EF-AEAE-04490DE61A18}.Debug|Any CPU.ActiveCfg = Debug|Any CPU
		{C8CEB6A3-75AF-46EF-AEAE-04490DE61A18}.Debug|Any CPU.Build.0 = Debug|Any CPU
		{C8CEB6A3-75AF-46EF-AEAE-04490DE61A18}.Debug|x64.ActiveCfg = Debug|Any CPU
		{C8CEB6A3-75AF-46EF-AEAE-04490DE61A18}.Debug|x64.Build.0 = Debug|Any CPU
		{C8CEB6A3-75AF-46EF-AEAE-04490DE61A18}.Debug|x86.ActiveCfg = Debug|Any CPU
		{C8CEB6A3-75AF-46EF-AEAE-04490DE61A18}.Debug|x86.Build.0 = Debug|Any CPU
		{C8CEB6A3-75AF-46EF-AEAE-04490DE61A18}.Release|Any CPU.ActiveCfg = Release|Any CPU
		{C8CEB6A3-75AF-46EF-AEAE-04490DE61A18}.Release|Any CPU.Build.0 = Release|Any CPU
		{C8CEB6A3-75AF-46EF-AEAE-04490DE61A18}.Release|x64.ActiveCfg = Release|Any CPU
		{C8CEB6A3-75AF-46EF-AEAE-04490DE61A18}.Release|x64.Build.0 = Release|Any CPU
		{C8CEB6A3-75AF-46EF-AEAE-04490DE61A18}.Release|x86.ActiveCfg = Release|Any CPU
		{C8CEB6A3-75AF-46EF-AEAE-04490DE61A18}.Release|x86.Build.0 = Release|Any CPU
		{2BC3A692-544B-4F58-8B70-5526A9193052}.Debug|Any CPU.ActiveCfg = Debug|Any CPU
		{2BC3A692-544B-4F58-8B70-5526A9193052}.Debug|Any CPU.Build.0 = Debug|Any CPU
		{2BC3A692-544B-4F58-8B70-5526A9193052}.Debug|x64.ActiveCfg = Debug|Any CPU
		{2BC3A692-544B-4F58-8B70-5526A9193052}.Debug|x64.Build.0 = Debug|Any CPU
		{2BC3A692-544B-4F58-8B70-5526A9193052}.Debug|x86.ActiveCfg = Debug|Any CPU
		{2BC3A692-544B-4F58-8B70-5526A9193052}.Debug|x86.Build.0 = Debug|Any CPU
		{2BC3A692-544B-4F58-8B70-5526A9193052}.Release|Any CPU.ActiveCfg = Release|Any CPU
		{2BC3A692-544B-4F58-8B70-5526A9193052}.Release|Any CPU.Build.0 = Release|Any CPU
		{2BC3A692-544B-4F58-8B70-5526A9193052}.Release|x64.ActiveCfg = Release|Any CPU
		{2BC3A692-544B-4F58-8B70-5526A9193052}.Release|x64.Build.0 = Release|Any CPU
		{2BC3A692-544B-4F58-8B70-5526A9193052}.Release|x86.ActiveCfg = Release|Any CPU
		{2BC3A692-544B-4F58-8B70-5526A9193052}.Release|x86.Build.0 = Release|Any CPU
		{C51634E5-E26E-47AC-A0C0-8E94E4CD331D}.Debug|Any CPU.ActiveCfg = Debug|Any CPU
		{C51634E5-E26E-47AC-A0C0-8E94E4CD331D}.Debug|Any CPU.Build.0 = Debug|Any CPU
		{C51634E5-E26E-47AC-A0C0-8E94E4CD331D}.Debug|x64.ActiveCfg = Debug|Any CPU
		{C51634E5-E26E-47AC-A0C0-8E94E4CD331D}.Debug|x64.Build.0 = Debug|Any CPU
		{C51634E5-E26E-47AC-A0C0-8E94E4CD331D}.Debug|x86.ActiveCfg = Debug|Any CPU
		{C51634E5-E26E-47AC-A0C0-8E94E4CD331D}.Debug|x86.Build.0 = Debug|Any CPU
		{C51634E5-E26E-47AC-A0C0-8E94E4CD331D}.Release|Any CPU.ActiveCfg = Release|Any CPU
		{C51634E5-E26E-47AC-A0C0-8E94E4CD331D}.Release|Any CPU.Build.0 = Release|Any CPU
		{C51634E5-E26E-47AC-A0C0-8E94E4CD331D}.Release|x64.ActiveCfg = Release|Any CPU
		{C51634E5-E26E-47AC-A0C0-8E94E4CD331D}.Release|x64.Build.0 = Release|Any CPU
		{C51634E5-E26E-47AC-A0C0-8E94E4CD331D}.Release|x86.ActiveCfg = Release|Any CPU
		{C51634E5-E26E-47AC-A0C0-8E94E4CD331D}.Release|x86.Build.0 = Release|Any CPU
		{9F9C26F0-68C6-4F6C-9D50-06364F5B87BA}.Debug|Any CPU.ActiveCfg = Debug|Any CPU
		{9F9C26F0-68C6-4F6C-9D50-06364F5B87BA}.Debug|Any CPU.Build.0 = Debug|Any CPU
		{9F9C26F0-68C6-4F6C-9D50-06364F5B87BA}.Debug|x64.ActiveCfg = Debug|Any CPU
		{9F9C26F0-68C6-4F6C-9D50-06364F5B87BA}.Debug|x64.Build.0 = Debug|Any CPU
		{9F9C26F0-68C6-4F6C-9D50-06364F5B87BA}.Debug|x86.ActiveCfg = Debug|Any CPU
		{9F9C26F0-68C6-4F6C-9D50-06364F5B87BA}.Debug|x86.Build.0 = Debug|Any CPU
		{9F9C26F0-68C6-4F6C-9D50-06364F5B87BA}.Release|Any CPU.ActiveCfg = Release|Any CPU
		{9F9C26F0-68C6-4F6C-9D50-06364F5B87BA}.Release|Any CPU.Build.0 = Release|Any CPU
		{9F9C26F0-68C6-4F6C-9D50-06364F5B87BA}.Release|x64.ActiveCfg = Release|Any CPU
		{9F9C26F0-68C6-4F6C-9D50-06364F5B87BA}.Release|x64.Build.0 = Release|Any CPU
		{9F9C26F0-68C6-4F6C-9D50-06364F5B87BA}.Release|x86.ActiveCfg = Release|Any CPU
		{9F9C26F0-68C6-4F6C-9D50-06364F5B87BA}.Release|x86.Build.0 = Release|Any CPU
		{73BAD635-6600-4752-8F9B-4C31A7444C58}.Debug|Any CPU.ActiveCfg = Debug|Any CPU
		{73BAD635-6600-4752-8F9B-4C31A7444C58}.Debug|Any CPU.Build.0 = Debug|Any CPU
		{73BAD635-6600-4752-8F9B-4C31A7444C58}.Debug|x64.ActiveCfg = Debug|Any CPU
		{73BAD635-6600-4752-8F9B-4C31A7444C58}.Debug|x64.Build.0 = Debug|Any CPU
		{73BAD635-6600-4752-8F9B-4C31A7444C58}.Debug|x86.ActiveCfg = Debug|Any CPU
		{73BAD635-6600-4752-8F9B-4C31A7444C58}.Debug|x86.Build.0 = Debug|Any CPU
		{73BAD635-6600-4752-8F9B-4C31A7444C58}.Release|Any CPU.ActiveCfg = Release|Any CPU
		{73BAD635-6600-4752-8F9B-4C31A7444C58}.Release|Any CPU.Build.0 = Release|Any CPU
		{73BAD635-6600-4752-8F9B-4C31A7444C58}.Release|x64.ActiveCfg = Release|Any CPU
		{73BAD635-6600-4752-8F9B-4C31A7444C58}.Release|x64.Build.0 = Release|Any CPU
		{73BAD635-6600-4752-8F9B-4C31A7444C58}.Release|x86.ActiveCfg = Release|Any CPU
		{73BAD635-6600-4752-8F9B-4C31A7444C58}.Release|x86.Build.0 = Release|Any CPU
	EndGlobalSection
	GlobalSection(SolutionProperties) = preSolution
		HideSolutionNode = FALSE
	EndGlobalSection
	GlobalSection(NestedProjects) = preSolution
		{9DB707DF-7422-4BD0-ABE2-A1A0A1FC1E24} = {827E0CD3-B72D-47B6-A68D-7590B98EB39B}
		{C8CEB6A3-75AF-46EF-AEAE-04490DE61A18} = {0AB3BF05-4346-4AA6-1389-037BE0695223}
		{2BC3A692-544B-4F58-8B70-5526A9193052} = {0AB3BF05-4346-4AA6-1389-037BE0695223}
		{C51634E5-E26E-47AC-A0C0-8E94E4CD331D} = {827E0CD3-B72D-47B6-A68D-7590B98EB39B}
		{9F9C26F0-68C6-4F6C-9D50-06364F5B87BA} = {0AB3BF05-4346-4AA6-1389-037BE0695223}
		{73BAD635-6600-4752-8F9B-4C31A7444C58} = {827E0CD3-B72D-47B6-A68D-7590B98EB39B}
	EndGlobalSection
EndGlobal
